
Microsoft Visual Studio Solution File, Format Version 12.00
# Visual Studio Version 17
VisualStudioVersion = 17.6.33829.357
MinimumVisualStudioVersion = 10.0.40219.1
Project("{FAE04EC0-301F-11D3-BF4B-00C04F79EFBC}") = "newapi", "newapi\newapi.csproj", "{2E804C4C-B706-4443-ABB4-FF542585EBD4}"
EndProject
Global
	GlobalSection(SolutionConfigurationPlatforms) = preSolution
		Debug|Any CPU = Debug|Any CPU
		Release|Any CPU = Release|Any CPU
	EndGlobalSection
	GlobalSection(ProjectConfigurationPlatforms) = postSolution
		{2E804C4C-B706-4443-ABB4-FF542585EBD4}.Debug|Any CPU.ActiveCfg = Debug|Any CPU
		{2E804C4C-B706-4443-ABB4-FF542585EBD4}.Debug|Any CPU.Build.0 = Debug|Any CPU
		{2E804C4C-B706-4443-ABB4-FF542585EBD4}.Release|Any CPU.ActiveCfg = Release|Any CPU
		{2E804C4C-B706-4443-ABB4-FF542585EBD4}.Release|Any CPU.Build.0 = Release|Any CPU
	EndGlobalSection
	GlobalSection(SolutionProperties) = preSolution
		HideSolutionNode = FALSE
	EndGlobalSection
	GlobalSection(ExtensibilityGlobals) = postSolution
		SolutionGuid = {D0B6A9A2-1A73-4A40-ADC3-1B4E78306D3D}
	EndGlobalSection
EndGlobal
