
Microsoft Visual Studio Solution File, Format Version 12.00
# Visual Studio Version 17
VisualStudioVersion = 17.6.33829.357
MinimumVisualStudioVersion = 10.0.40219.1
Project("{FAE04EC0-301F-11D3-BF4B-00C04F79EFBC}") = "End Mod Proj", "End Mod Proj\End Mod Proj.csproj", "{14DD4CC2-7C07-400B-A392-49E0ED8B2FE7}"
EndProject
Global
	GlobalSection(SolutionConfigurationPlatforms) = preSolution
		Debug|Any CPU = Debug|Any CPU
		Release|Any CPU = Release|Any CPU
	EndGlobalSection
	GlobalSection(ProjectConfigurationPlatforms) = postSolution
		{14DD4CC2-7C07-400B-A392-49E0ED8B2FE7}.Debug|Any CPU.ActiveCfg = Debug|Any CPU
		{14DD4CC2-7C07-400B-A392-49E0ED8B2FE7}.Debug|Any CPU.Build.0 = Debug|Any CPU
		{14DD4CC2-7C07-400B-A392-49E0ED8B2FE7}.Release|Any CPU.ActiveCfg = Release|Any CPU
		{14DD4CC2-7C07-400B-A392-49E0ED8B2FE7}.Release|Any CPU.Build.0 = Release|Any CPU
	EndGlobalSection
	GlobalSection(SolutionProperties) = preSolution
		HideSolutionNode = FALSE
	EndGlobalSection
	GlobalSection(ExtensibilityGlobals) = postSolution
		SolutionGuid = {19FC0166-251C-4773-B6D8-4E4B7AE51607}
	EndGlobalSection
EndGlobal
