
Microsoft Visual Studio Solution File, Format Version 12.00
# Visual Studio Version 17
VisualStudioVersion = 17.6.33829.357
MinimumVisualStudioVersion = 10.0.40219.1
Project("{FAE04EC0-301F-11D3-BF4B-00C04F79EFBC}") = "EndModMvcNew", "EndModMvcNew\EndModMvcNew.csproj", "{37C98BDE-0ED3-42B8-950F-99B67765089E}"
EndProject
Project("{FAE04EC0-301F-11D3-BF4B-00C04F79EFBC}") = "BOL", "BOL\BOL.csproj", "{4F23808E-9B2C-4843-A1A6-CEA199013454}"
EndProject
Project("{FAE04EC0-301F-11D3-BF4B-00C04F79EFBC}") = "DAL", "DAL\DAL.csproj", "{EC07B416-C196-471C-B0BD-79F9EEEAC3EA}"
EndProject
Project("{FAE04EC0-301F-11D3-BF4B-00C04F79EFBC}") = "BLL", "BLL\BLL.csproj", "{7608F6EF-B81B-4DAF-ADEB-0CD76C5B9C41}"
EndProject
Global
	GlobalSection(SolutionConfigurationPlatforms) = preSolution
		Debug|Any CPU = Debug|Any CPU
		Release|Any CPU = Release|Any CPU
	EndGlobalSection
	GlobalSection(ProjectConfigurationPlatforms) = postSolution
		{37C98BDE-0ED3-42B8-950F-99B67765089E}.Debug|Any CPU.ActiveCfg = Debug|Any CPU
		{37C98BDE-0ED3-42B8-950F-99B67765089E}.Debug|Any CPU.Build.0 = Debug|Any CPU
		{37C98BDE-0ED3-42B8-950F-99B67765089E}.Release|Any CPU.ActiveCfg = Release|Any CPU
		{37C98BDE-0ED3-42B8-950F-99B67765089E}.Release|Any CPU.Build.0 = Release|Any CPU
		{4F23808E-9B2C-4843-A1A6-CEA199013454}.Debug|Any CPU.ActiveCfg = Debug|Any CPU
		{4F23808E-9B2C-4843-A1A6-CEA199013454}.Debug|Any CPU.Build.0 = Debug|Any CPU
		{4F23808E-9B2C-4843-A1A6-CEA199013454}.Release|Any CPU.ActiveCfg = Release|Any CPU
		{4F23808E-9B2C-4843-A1A6-CEA199013454}.Release|Any CPU.Build.0 = Release|Any CPU
		{EC07B416-C196-471C-B0BD-79F9EEEAC3EA}.Debug|Any CPU.ActiveCfg = Debug|Any CPU
		{EC07B416-C196-471C-B0BD-79F9EEEAC3EA}.Debug|Any CPU.Build.0 = Debug|Any CPU
		{EC07B416-C196-471C-B0BD-79F9EEEAC3EA}.Release|Any CPU.ActiveCfg = Release|Any CPU
		{EC07B416-C196-471C-B0BD-79F9EEEAC3EA}.Release|Any CPU.Build.0 = Release|Any CPU
		{7608F6EF-B81B-4DAF-ADEB-0CD76C5B9C41}.Debug|Any CPU.ActiveCfg = Debug|Any CPU
		{7608F6EF-B81B-4DAF-ADEB-0CD76C5B9C41}.Debug|Any CPU.Build.0 = Debug|Any CPU
		{7608F6EF-B81B-4DAF-ADEB-0CD76C5B9C41}.Release|Any CPU.ActiveCfg = Release|Any CPU
		{7608F6EF-B81B-4DAF-ADEB-0CD76C5B9C41}.Release|Any CPU.Build.0 = Release|Any CPU
	EndGlobalSection
	GlobalSection(SolutionProperties) = preSolution
		HideSolutionNode = FALSE
	EndGlobalSection
	GlobalSection(ExtensibilityGlobals) = postSolution
		SolutionGuid = {7FF55CFE-E831-46F7-9888-7DF7C509F344}
	EndGlobalSection
EndGlobal
