
Microsoft Visual Studio Solution File, Format Version 12.00
# Visual Studio Version 17
VisualStudioVersion = 17.6.33829.357
MinimumVisualStudioVersion = 10.0.40219.1
Project("{FAE04EC0-301F-11D3-BF4B-00C04F79EFBC}") = "ConsoleApp3", "ConsoleApp3\ConsoleApp3.csproj", "{12D1A07C-38F5-4A0C-BDC8-A48042CA00B1}"
EndProject
Global
	GlobalSection(SolutionConfigurationPlatforms) = preSolution
		Debug|Any CPU = Debug|Any CPU
		Release|Any CPU = Release|Any CPU
	EndGlobalSection
	GlobalSection(ProjectConfigurationPlatforms) = postSolution
		{12D1A07C-38F5-4A0C-BDC8-A48042CA00B1}.Debug|Any CPU.ActiveCfg = Debug|Any CPU
		{12D1A07C-38F5-4A0C-BDC8-A48042CA00B1}.Debug|Any CPU.Build.0 = Debug|Any CPU
		{12D1A07C-38F5-4A0C-BDC8-A48042CA00B1}.Release|Any CPU.ActiveCfg = Release|Any CPU
		{12D1A07C-38F5-4A0C-BDC8-A48042CA00B1}.Release|Any CPU.Build.0 = Release|Any CPU
	EndGlobalSection
	GlobalSection(SolutionProperties) = preSolution
		HideSolutionNode = FALSE
	EndGlobalSection
	GlobalSection(ExtensibilityGlobals) = postSolution
		SolutionGuid = {BA81E61F-B07F-4524-B017-71859D8E56B2}
	EndGlobalSection
EndGlobal
