
Microsoft Visual Studio Solution File, Format Version 12.00
# Visual Studio Version 17
VisualStudioVersion = 17.6.33829.357
MinimumVisualStudioVersion = 10.0.40219.1
Project("{FAE04EC0-301F-11D3-BF4B-00C04F79EFBC}") = "Ecommerce Scenario", "Ecommerce Scenario\Ecommerce Scenario.csproj", "{B7224EAB-699D-41F2-AA3E-87D980EE0BB5}"
EndProject
Project("{FAE04EC0-301F-11D3-BF4B-00C04F79EFBC}") = "BOL", "BOL\BOL.csproj", "{DEF9073F-A103-4C41-ABDB-C0C1AAC551BF}"
EndProject
Project("{FAE04EC0-301F-11D3-BF4B-00C04F79EFBC}") = "BLL", "BLL\BLL.csproj", "{A3615634-B9A9-4B9F-B49B-FA31BFBFA4DD}"
EndProject
Project("{FAE04EC0-301F-11D3-BF4B-00C04F79EFBC}") = "DAL", "DAL\DAL.csproj", "{C004D931-B3DD-45A3-AAB8-3F84FE41635E}"
EndProject
Global
	GlobalSection(SolutionConfigurationPlatforms) = preSolution
		Debug|Any CPU = Debug|Any CPU
		Release|Any CPU = Release|Any CPU
	EndGlobalSection
	GlobalSection(ProjectConfigurationPlatforms) = postSolution
		{B7224EAB-699D-41F2-AA3E-87D980EE0BB5}.Debug|Any CPU.ActiveCfg = Debug|Any CPU
		{B7224EAB-699D-41F2-AA3E-87D980EE0BB5}.Debug|Any CPU.Build.0 = Debug|Any CPU
		{B7224EAB-699D-41F2-AA3E-87D980EE0BB5}.Release|Any CPU.ActiveCfg = Release|Any CPU
		{B7224EAB-699D-41F2-AA3E-87D980EE0BB5}.Release|Any CPU.Build.0 = Release|Any CPU
		{DEF9073F-A103-4C41-ABDB-C0C1AAC551BF}.Debug|Any CPU.ActiveCfg = Debug|Any CPU
		{DEF9073F-A103-4C41-ABDB-C0C1AAC551BF}.Debug|Any CPU.Build.0 = Debug|Any CPU
		{DEF9073F-A103-4C41-ABDB-C0C1AAC551BF}.Release|Any CPU.ActiveCfg = Release|Any CPU
		{DEF9073F-A103-4C41-ABDB-C0C1AAC551BF}.Release|Any CPU.Build.0 = Release|Any CPU
		{A3615634-B9A9-4B9F-B49B-FA31BFBFA4DD}.Debug|Any CPU.ActiveCfg = Debug|Any CPU
		{A3615634-B9A9-4B9F-B49B-FA31BFBFA4DD}.Debug|Any CPU.Build.0 = Debug|Any CPU
		{A3615634-B9A9-4B9F-B49B-FA31BFBFA4DD}.Release|Any CPU.ActiveCfg = Release|Any CPU
		{A3615634-B9A9-4B9F-B49B-FA31BFBFA4DD}.Release|Any CPU.Build.0 = Release|Any CPU
		{C004D931-B3DD-45A3-AAB8-3F84FE41635E}.Debug|Any CPU.ActiveCfg = Debug|Any CPU
		{C004D931-B3DD-45A3-AAB8-3F84FE41635E}.Debug|Any CPU.Build.0 = Debug|Any CPU
		{C004D931-B3DD-45A3-AAB8-3F84FE41635E}.Release|Any CPU.ActiveCfg = Release|Any CPU
		{C004D931-B3DD-45A3-AAB8-3F84FE41635E}.Release|Any CPU.Build.0 = Release|Any CPU
	EndGlobalSection
	GlobalSection(SolutionProperties) = preSolution
		HideSolutionNode = FALSE
	EndGlobalSection
	GlobalSection(ExtensibilityGlobals) = postSolution
		SolutionGuid = {732055FD-0CDD-4EDD-8A63-A5654A24655F}
	EndGlobalSection
EndGlobal
