
Microsoft Visual Studio Solution File, Format Version 12.00
# Visual Studio Version 17
VisualStudioVersion = 17.6.33829.357
MinimumVisualStudioVersion = 10.0.40219.1
Project("{FAE04EC0-301F-11D3-BF4B-00C04F79EFBC}") = "ConsoleApp1", "ConsoleApp1\ConsoleApp1.csproj", "{8CD9C541-9068-487C-A40D-79DA222E72DF}"
EndProject
Global
	GlobalSection(SolutionConfigurationPlatforms) = preSolution
		Debug|Any CPU = Debug|Any CPU
		Release|Any CPU = Release|Any CPU
	EndGlobalSection
	GlobalSection(ProjectConfigurationPlatforms) = postSolution
		{8CD9C541-9068-487C-A40D-79DA222E72DF}.Debug|Any CPU.ActiveCfg = Debug|Any CPU
		{8CD9C541-9068-487C-A40D-79DA222E72DF}.Debug|Any CPU.Build.0 = Debug|Any CPU
		{8CD9C541-9068-487C-A40D-79DA222E72DF}.Release|Any CPU.ActiveCfg = Release|Any CPU
		{8CD9C541-9068-487C-A40D-79DA222E72DF}.Release|Any CPU.Build.0 = Release|Any CPU
	EndGlobalSection
	GlobalSection(SolutionProperties) = preSolution
		HideSolutionNode = FALSE
	EndGlobalSection
	GlobalSection(ExtensibilityGlobals) = postSolution
		SolutionGuid = {5DE16189-2692-4AA9-A7A6-CF7D67B7EB3B}
	EndGlobalSection
EndGlobal
