
Microsoft Visual Studio Solution File, Format Version 12.00
# Visual Studio Version 17
VisualStudioVersion = 17.6.33829.357
MinimumVisualStudioVersion = 10.0.40219.1
Project("{9A19103F-16F7-4668-BE54-9A1E7A4F7556}") = "HRLib", "HRLib\HRLib.csproj", "{19493808-A7EA-42D3-8214-E7C19C93DD2F}"
EndProject
Project("{9A19103F-16F7-4668-BE54-9A1E7A4F7556}") = "HRManagementSystem", "HRManagementSystem\HRManagementSystem.csproj", "{653731D9-0B07-4E22-800C-DA2B707D720C}"
EndProject
Project("{FAE04EC0-301F-11D3-BF4B-00C04F79EFBC}") = "Account", "Account\Account.csproj", "{40232618-D05F-487D-8591-2238786CDC68}"
EndProject
Global
	GlobalSection(SolutionConfigurationPlatforms) = preSolution
		Debug|Any CPU = Debug|Any CPU
		Release|Any CPU = Release|Any CPU
	EndGlobalSection
	GlobalSection(ProjectConfigurationPlatforms) = postSolution
		{19493808-A7EA-42D3-8214-E7C19C93DD2F}.Debug|Any CPU.ActiveCfg = Debug|Any CPU
		{19493808-A7EA-42D3-8214-E7C19C93DD2F}.Debug|Any CPU.Build.0 = Debug|Any CPU
		{19493808-A7EA-42D3-8214-E7C19C93DD2F}.Release|Any CPU.ActiveCfg = Release|Any CPU
		{19493808-A7EA-42D3-8214-E7C19C93DD2F}.Release|Any CPU.Build.0 = Release|Any CPU
		{653731D9-0B07-4E22-800C-DA2B707D720C}.Debug|Any CPU.ActiveCfg = Debug|Any CPU
		{653731D9-0B07-4E22-800C-DA2B707D720C}.Debug|Any CPU.Build.0 = Debug|Any CPU
		{653731D9-0B07-4E22-800C-DA2B707D720C}.Release|Any CPU.ActiveCfg = Release|Any CPU
		{653731D9-0B07-4E22-800C-DA2B707D720C}.Release|Any CPU.Build.0 = Release|Any CPU
		{40232618-D05F-487D-8591-2238786CDC68}.Debug|Any CPU.ActiveCfg = Debug|Any CPU
		{40232618-D05F-487D-8591-2238786CDC68}.Debug|Any CPU.Build.0 = Debug|Any CPU
		{40232618-D05F-487D-8591-2238786CDC68}.Release|Any CPU.ActiveCfg = Release|Any CPU
		{40232618-D05F-487D-8591-2238786CDC68}.Release|Any CPU.Build.0 = Release|Any CPU
	EndGlobalSection
	GlobalSection(SolutionProperties) = preSolution
		HideSolutionNode = FALSE
	EndGlobalSection
	GlobalSection(ExtensibilityGlobals) = postSolution
		SolutionGuid = {69BAE248-1F22-4A91-9670-2F4863AAC389}
	EndGlobalSection
EndGlobal
